
Microsoft Visual Studio Solution File, Format Version 12.00
# Visual Studio 15
VisualStudioVersion = 15.0.27428.2037
MinimumVisualStudioVersion = 10.0.40219.1
Project("{FAE04EC0-301F-11D3-BF4B-00C04F79EFBC}") = "SortAlgs", "SortAlgs\SortAlgs.csproj", "{497B884D-1B8C-45E5-93C9-835CEA74B077}"
EndProject
Global
	GlobalSection(SolutionConfigurationPlatforms) = preSolution
		Debug|Any CPU = Debug|Any CPU
		Release|Any CPU = Release|Any CPU
	EndGlobalSection
	GlobalSection(ProjectConfigurationPlatforms) = postSolution
		{497B884D-1B8C-45E5-93C9-835CEA74B077}.Debug|Any CPU.ActiveCfg = Debug|Any CPU
		{497B884D-1B8C-45E5-93C9-835CEA74B077}.Debug|Any CPU.Build.0 = Debug|Any CPU
		{497B884D-1B8C-45E5-93C9-835CEA74B077}.Release|Any CPU.ActiveCfg = Release|Any CPU
		{497B884D-1B8C-45E5-93C9-835CEA74B077}.Release|Any CPU.Build.0 = Release|Any CPU
	EndGlobalSection
	GlobalSection(SolutionProperties) = preSolution
		HideSolutionNode = FALSE
	EndGlobalSection
	GlobalSection(ExtensibilityGlobals) = postSolution
		SolutionGuid = {A10BCC07-5901-483A-9E35-279A0CBAEA4E}
	EndGlobalSection
EndGlobal
